
Microsoft Visual Studio Solution File, Format Version 12.00
# Visual Studio Version 17
VisualStudioVersion = 17.9.34728.123
MinimumVisualStudioVersion = 10.0.40219.1
Project("{FAE04EC0-301F-11D3-BF4B-00C04F79EFBC}") = "Herencia", "Herencia\Herencia.csproj", "{63DDD5B0-6E8D-4ADA-AEE4-022020939801}"
EndProject
Global
	GlobalSection(SolutionConfigurationPlatforms) = preSolution
		Debug|Any CPU = Debug|Any CPU
		Release|Any CPU = Release|Any CPU
	EndGlobalSection
	GlobalSection(ProjectConfigurationPlatforms) = postSolution
		{63DDD5B0-6E8D-4ADA-AEE4-022020939801}.Debug|Any CPU.ActiveCfg = Debug|Any CPU
		{63DDD5B0-6E8D-4ADA-AEE4-022020939801}.Debug|Any CPU.Build.0 = Debug|Any CPU
		{63DDD5B0-6E8D-4ADA-AEE4-022020939801}.Release|Any CPU.ActiveCfg = Release|Any CPU
		{63DDD5B0-6E8D-4ADA-AEE4-022020939801}.Release|Any CPU.Build.0 = Release|Any CPU
	EndGlobalSection
	GlobalSection(SolutionProperties) = preSolution
		HideSolutionNode = FALSE
	EndGlobalSection
	GlobalSection(ExtensibilityGlobals) = postSolution
		SolutionGuid = {19347959-0351-4A81-98FF-D07EB8562409}
	EndGlobalSection
EndGlobal
